
Microsoft Visual Studio Solution File, Format Version 12.00
# Visual Studio Version 17
VisualStudioVersion = 17.11.35222.181
MinimumVisualStudioVersion = 10.0.40219.1
Project("{9A19103F-16F7-4668-BE54-9A1E7A4F7556}") = "Tokenization.Core.API", "Tokenization.Core.API.csproj", "{FEC4A569-C631-487C-9CA9-4A1E7D0344B0}"
EndProject
Project("{FAE04EC0-301F-11D3-BF4B-00C04F79EFBC}") = "Tokenization.Core.Dtos", "..\Tokenization.Core.Dtos\Tokenization.Core.Dtos.csproj", "{D313CC39-E36C-436F-A58F-5334102D81D9}"
EndProject
Project("{FAE04EC0-301F-11D3-BF4B-00C04F79EFBC}") = "Tokenization.Core.Enums", "..\Tokenization.Core.Enums\Tokenization.Core.Enums.csproj", "{4486C3B9-6397-47C3-A665-A9B3529194F4}"
EndProject
Global
	GlobalSection(SolutionConfigurationPlatforms) = preSolution
		Debug|Any CPU = Debug|Any CPU
		Release|Any CPU = Release|Any CPU
	EndGlobalSection
	GlobalSection(ProjectConfigurationPlatforms) = postSolution
		{FEC4A569-C631-487C-9CA9-4A1E7D0344B0}.Debug|Any CPU.ActiveCfg = Debug|Any CPU
		{FEC4A569-C631-487C-9CA9-4A1E7D0344B0}.Debug|Any CPU.Build.0 = Debug|Any CPU
		{FEC4A569-C631-487C-9CA9-4A1E7D0344B0}.Release|Any CPU.ActiveCfg = Release|Any CPU
		{FEC4A569-C631-487C-9CA9-4A1E7D0344B0}.Release|Any CPU.Build.0 = Release|Any CPU
		{D313CC39-E36C-436F-A58F-5334102D81D9}.Debug|Any CPU.ActiveCfg = Debug|Any CPU
		{D313CC39-E36C-436F-A58F-5334102D81D9}.Debug|Any CPU.Build.0 = Debug|Any CPU
		{D313CC39-E36C-436F-A58F-5334102D81D9}.Release|Any CPU.ActiveCfg = Release|Any CPU
		{D313CC39-E36C-436F-A58F-5334102D81D9}.Release|Any CPU.Build.0 = Release|Any CPU
		{4486C3B9-6397-47C3-A665-A9B3529194F4}.Debug|Any CPU.ActiveCfg = Debug|Any CPU
		{4486C3B9-6397-47C3-A665-A9B3529194F4}.Debug|Any CPU.Build.0 = Debug|Any CPU
		{4486C3B9-6397-47C3-A665-A9B3529194F4}.Release|Any CPU.ActiveCfg = Release|Any CPU
		{4486C3B9-6397-47C3-A665-A9B3529194F4}.Release|Any CPU.Build.0 = Release|Any CPU
	EndGlobalSection
	GlobalSection(SolutionProperties) = preSolution
		HideSolutionNode = FALSE
	EndGlobalSection
	GlobalSection(ExtensibilityGlobals) = postSolution
		SolutionGuid = {DA8DB694-58B3-41DE-89FC-FF4BDD248B66}
	EndGlobalSection
EndGlobal
